
Microsoft Visual Studio Solution File, Format Version 12.00
# Visual Studio Version 17
VisualStudioVersion = 17.5.33516.290
MinimumVisualStudioVersion = 10.0.40219.1
Project("{FAE04EC0-301F-11D3-BF4B-00C04F79EFBC}") = "fae.console", "fae.console.csproj", "{CF8EB6FD-FFA8-4FBC-97CF-9EF2AA5672B1}"
EndProject
Project("{FAE04EC0-301F-11D3-BF4B-00C04F79EFBC}") = "fae.app", "..\fae.app\fae.app.csproj", "{3CF862EA-0FCD-441C-88F8-8419C50E3F35}"
EndProject
Global
	GlobalSection(SolutionConfigurationPlatforms) = preSolution
		Debug|Any CPU = Debug|Any CPU
		Release|Any CPU = Release|Any CPU
	EndGlobalSection
	GlobalSection(ProjectConfigurationPlatforms) = postSolution
		{CF8EB6FD-FFA8-4FBC-97CF-9EF2AA5672B1}.Debug|Any CPU.ActiveCfg = Debug|Any CPU
		{CF8EB6FD-FFA8-4FBC-97CF-9EF2AA5672B1}.Debug|Any CPU.Build.0 = Debug|Any CPU
		{CF8EB6FD-FFA8-4FBC-97CF-9EF2AA5672B1}.Release|Any CPU.ActiveCfg = Release|Any CPU
		{CF8EB6FD-FFA8-4FBC-97CF-9EF2AA5672B1}.Release|Any CPU.Build.0 = Release|Any CPU
		{3CF862EA-0FCD-441C-88F8-8419C50E3F35}.Debug|Any CPU.ActiveCfg = Debug|Any CPU
		{3CF862EA-0FCD-441C-88F8-8419C50E3F35}.Debug|Any CPU.Build.0 = Debug|Any CPU
		{3CF862EA-0FCD-441C-88F8-8419C50E3F35}.Release|Any CPU.ActiveCfg = Release|Any CPU
		{3CF862EA-0FCD-441C-88F8-8419C50E3F35}.Release|Any CPU.Build.0 = Release|Any CPU
	EndGlobalSection
	GlobalSection(SolutionProperties) = preSolution
		HideSolutionNode = FALSE
	EndGlobalSection
	GlobalSection(ExtensibilityGlobals) = postSolution
		SolutionGuid = {B1A6F975-C8A2-47F6-80F4-D10D520EF2EC}
	EndGlobalSection
EndGlobal
